// !$*UTF8*$!
{
	archiveVersion = 1;
	classes = {
	};
	objectVersion = 55;
	objects = {

/* Begin PBXBuildFile section */
		1C2D410A271B17DD002367E2 /* AvatarCustomView.swift in Sources */ = {isa = PBXBuildFile; fileRef = 1C2D4109271B17DD002367E2 /* AvatarCustomView.swift */; };
		1CCC21D0272D832600FEB2C4 /* LoadingIndicator.swift in Sources */ = {isa = PBXBuildFile; fileRef = 1CCC21CF272D832600FEB2C4 /* LoadingIndicator.swift */; };
		1CE4E4CF27175F9B00C5894A /* FreindsTableVC.swift in Sources */ = {isa = PBXBuildFile; fileRef = 1CE4E4CE27175F9B00C5894A /* FreindsTableVC.swift */; };
		1CE4E4D12717602000C5894A /* FreindsCell.swift in Sources */ = {isa = PBXBuildFile; fileRef = 1CE4E4D02717602000C5894A /* FreindsCell.swift */; };
		1CE4E4D42717615A00C5894A /* User.swift in Sources */ = {isa = PBXBuildFile; fileRef = 1CE4E4D32717615A00C5894A /* User.swift */; };
		1CE4E4D6271761DA00C5894A /* Group.swift in Sources */ = {isa = PBXBuildFile; fileRef = 1CE4E4D5271761DA00C5894A /* Group.swift */; };
		1CE4E4D92718072B00C5894A /* FreindCollectionVC.swift in Sources */ = {isa = PBXBuildFile; fileRef = 1CE4E4D82718072B00C5894A /* FreindCollectionVC.swift */; };
		1CE4E4DB2718075500C5894A /* FreindCell.swift in Sources */ = {isa = PBXBuildFile; fileRef = 1CE4E4DA2718075500C5894A /* FreindCell.swift */; };
		1CE4E4DE2718274B00C5894A /* GroupsTableVC.swift in Sources */ = {isa = PBXBuildFile; fileRef = 1CE4E4DD2718274B00C5894A /* GroupsTableVC.swift */; };
		1CE4E4E02718276D00C5894A /* GroupsCell.swift in Sources */ = {isa = PBXBuildFile; fileRef = 1CE4E4DF2718276D00C5894A /* GroupsCell.swift */; };
		1CE4E4E3271834DF00C5894A /* AvailableGroupsCell.swift in Sources */ = {isa = PBXBuildFile; fileRef = 1CE4E4E2271834DF00C5894A /* AvailableGroupsCell.swift */; };
		1CE4E4E52718351300C5894A /* AvailableGroupsTableVC.swift in Sources */ = {isa = PBXBuildFile; fileRef = 1CE4E4E42718351300C5894A /* AvailableGroupsTableVC.swift */; };
		1CF11EFE27259CF1008FB69F /* FriendsLoaderService.swift in Sources */ = {isa = PBXBuildFile; fileRef = 1CF11EFD27259CF1008FB69F /* FriendsLoaderService.swift */; };
		1CF11F012725F7FB008FB69F /* NewsTableVC.swift in Sources */ = {isa = PBXBuildFile; fileRef = 1CF11F002725F7FB008FB69F /* NewsTableVC.swift */; };
		1CF11F032725F82D008FB69F /* NewsTableCell.swift in Sources */ = {isa = PBXBuildFile; fileRef = 1CF11F022725F82D008FB69F /* NewsTableCell.swift */; };
		1CF11F052725F987008FB69F /* News.swift in Sources */ = {isa = PBXBuildFile; fileRef = 1CF11F042725F987008FB69F /* News.swift */; };
		1CF11F082725FC9D008FB69F /* NewsLoaderService.swift in Sources */ = {isa = PBXBuildFile; fileRef = 1CF11F072725FC9D008FB69F /* NewsLoaderService.swift */; };
		1CF11F0C27267FD6008FB69F /* ImageNewsCollectionViewCell.swift in Sources */ = {isa = PBXBuildFile; fileRef = 1CF11F0B27267FD6008FB69F /* ImageNewsCollectionViewCell.swift */; };
		1CF11F0E272680D8008FB69F /* ImageNewsCollectionView.swift in Sources */ = {isa = PBXBuildFile; fileRef = 1CF11F0D272680D8008FB69F /* ImageNewsCollectionView.swift */; };
		1CF11F1027269A40008FB69F /* ImagesCollectionViewLayout.swift in Sources */ = {isa = PBXBuildFile; fileRef = 1CF11F0F27269A40008FB69F /* ImagesCollectionViewLayout.swift */; };
		1CF11F142726D7AE008FB69F /* NewsLikeControl.swift in Sources */ = {isa = PBXBuildFile; fileRef = 1CF11F132726D7AE008FB69F /* NewsLikeControl.swift */; };
		1CF5E342270CDF7C00B91889 /* AppDelegate.swift in Sources */ = {isa = PBXBuildFile; fileRef = 1CF5E341270CDF7C00B91889 /* AppDelegate.swift */; };
		1CF5E344270CDF7C00B91889 /* SceneDelegate.swift in Sources */ = {isa = PBXBuildFile; fileRef = 1CF5E343270CDF7C00B91889 /* SceneDelegate.swift */; };
		1CF5E346270CDF7C00B91889 /* LoginFormController.swift in Sources */ = {isa = PBXBuildFile; fileRef = 1CF5E345270CDF7C00B91889 /* LoginFormController.swift */; };
		1CF5E349270CDF7C00B91889 /* Main.storyboard in Resources */ = {isa = PBXBuildFile; fileRef = 1CF5E347270CDF7C00B91889 /* Main.storyboard */; };
		1CF5E34B270CDF7F00B91889 /* Assets.xcassets in Resources */ = {isa = PBXBuildFile; fileRef = 1CF5E34A270CDF7F00B91889 /* Assets.xcassets */; };
		1CF5E34E270CDF7F00B91889 /* LaunchScreen.storyboard in Resources */ = {isa = PBXBuildFile; fileRef = 1CF5E34C270CDF7F00B91889 /* LaunchScreen.storyboard */; };
/* End PBXBuildFile section */

/* Begin PBXFileReference section */
		1C2D4109271B17DD002367E2 /* AvatarCustomView.swift */ = {isa = PBXFileReference; lastKnownFileType = sourcecode.swift; path = AvatarCustomView.swift; sourceTree = "<group>"; };
		1CCC21CF272D832600FEB2C4 /* LoadingIndicator.swift */ = {isa = PBXFileReference; lastKnownFileType = sourcecode.swift; path = LoadingIndicator.swift; sourceTree = "<group>"; };
		1CE4E4CE27175F9B00C5894A /* FreindsTableVC.swift */ = {isa = PBXFileReference; lastKnownFileType = sourcecode.swift; path = FreindsTableVC.swift; sourceTree = "<group>"; };
		1CE4E4D02717602000C5894A /* FreindsCell.swift */ = {isa = PBXFileReference; lastKnownFileType = sourcecode.swift; path = FreindsCell.swift; sourceTree = "<group>"; };
		1CE4E4D32717615A00C5894A /* User.swift */ = {isa = PBXFileReference; lastKnownFileType = sourcecode.swift; path = User.swift; sourceTree = "<group>"; };
		1CE4E4D5271761DA00C5894A /* Group.swift */ = {isa = PBXFileReference; lastKnownFileType = sourcecode.swift; path = Group.swift; sourceTree = "<group>"; };
		1CE4E4D82718072B00C5894A /* FreindCollectionVC.swift */ = {isa = PBXFileReference; lastKnownFileType = sourcecode.swift; path = FreindCollectionVC.swift; sourceTree = "<group>"; };
		1CE4E4DA2718075500C5894A /* FreindCell.swift */ = {isa = PBXFileReference; lastKnownFileType = sourcecode.swift; path = FreindCell.swift; sourceTree = "<group>"; };
		1CE4E4DD2718274B00C5894A /* GroupsTableVC.swift */ = {isa = PBXFileReference; lastKnownFileType = sourcecode.swift; path = GroupsTableVC.swift; sourceTree = "<group>"; };
		1CE4E4DF2718276D00C5894A /* GroupsCell.swift */ = {isa = PBXFileReference; lastKnownFileType = sourcecode.swift; path = GroupsCell.swift; sourceTree = "<group>"; };
		1CE4E4E2271834DF00C5894A /* AvailableGroupsCell.swift */ = {isa = PBXFileReference; lastKnownFileType = sourcecode.swift; path = AvailableGroupsCell.swift; sourceTree = "<group>"; };
		1CE4E4E42718351300C5894A /* AvailableGroupsTableVC.swift */ = {isa = PBXFileReference; lastKnownFileType = sourcecode.swift; path = AvailableGroupsTableVC.swift; sourceTree = "<group>"; };
		1CF11EFD27259CF1008FB69F /* FriendsLoaderService.swift */ = {isa = PBXFileReference; lastKnownFileType = sourcecode.swift; path = FriendsLoaderService.swift; sourceTree = "<group>"; };
		1CF11F002725F7FB008FB69F /* NewsTableVC.swift */ = {isa = PBXFileReference; lastKnownFileType = sourcecode.swift; path = NewsTableVC.swift; sourceTree = "<group>"; };
		1CF11F022725F82D008FB69F /* NewsTableCell.swift */ = {isa = PBXFileReference; lastKnownFileType = sourcecode.swift; path = NewsTableCell.swift; sourceTree = "<group>"; };
		1CF11F042725F987008FB69F /* News.swift */ = {isa = PBXFileReference; lastKnownFileType = sourcecode.swift; path = News.swift; sourceTree = "<group>"; };
		1CF11F072725FC9D008FB69F /* NewsLoaderService.swift */ = {isa = PBXFileReference; lastKnownFileType = sourcecode.swift; path = NewsLoaderService.swift; sourceTree = "<group>"; };
		1CF11F0B27267FD6008FB69F /* ImageNewsCollectionViewCell.swift */ = {isa = PBXFileReference; lastKnownFileType = sourcecode.swift; path = ImageNewsCollectionViewCell.swift; sourceTree = "<group>"; };
		1CF11F0D272680D8008FB69F /* ImageNewsCollectionView.swift */ = {isa = PBXFileReference; lastKnownFileType = sourcecode.swift; path = ImageNewsCollectionView.swift; sourceTree = "<group>"; };
		1CF11F0F27269A40008FB69F /* ImagesCollectionViewLayout.swift */ = {isa = PBXFileReference; lastKnownFileType = sourcecode.swift; path = ImagesCollectionViewLayout.swift; sourceTree = "<group>"; };
		1CF11F132726D7AE008FB69F /* NewsLikeControl.swift */ = {isa = PBXFileReference; lastKnownFileType = sourcecode.swift; path = NewsLikeControl.swift; sourceTree = "<group>"; };
		1CF5E33E270CDF7B00B91889 /* UIiosApps.app */ = {isa = PBXFileReference; explicitFileType = wrapper.application; includeInIndex = 0; path = UIiosApps.app; sourceTree = BUILT_PRODUCTS_DIR; };
		1CF5E341270CDF7C00B91889 /* AppDelegate.swift */ = {isa = PBXFileReference; lastKnownFileType = sourcecode.swift; path = AppDelegate.swift; sourceTree = "<group>"; };
		1CF5E343270CDF7C00B91889 /* SceneDelegate.swift */ = {isa = PBXFileReference; lastKnownFileType = sourcecode.swift; path = SceneDelegate.swift; sourceTree = "<group>"; };
		1CF5E345270CDF7C00B91889 /* LoginFormController.swift */ = {isa = PBXFileReference; lastKnownFileType = sourcecode.swift; path = LoginFormController.swift; sourceTree = "<group>"; };
		1CF5E348270CDF7C00B91889 /* Base */ = {isa = PBXFileReference; lastKnownFileType = file.storyboard; name = Base; path = Base.lproj/Main.storyboard; sourceTree = "<group>"; };
		1CF5E34A270CDF7F00B91889 /* Assets.xcassets */ = {isa = PBXFileReference; lastKnownFileType = folder.assetcatalog; path = Assets.xcassets; sourceTree = "<group>"; };
		1CF5E34D270CDF7F00B91889 /* Base */ = {isa = PBXFileReference; lastKnownFileType = file.storyboard; name = Base; path = Base.lproj/LaunchScreen.storyboard; sourceTree = "<group>"; };
		1CF5E34F270CDF7F00B91889 /* Info.plist */ = {isa = PBXFileReference; lastKnownFileType = text.plist.xml; path = Info.plist; sourceTree = "<group>"; };
/* End PBXFileReference section */

/* Begin PBXFrameworksBuildPhase section */
		1CF5E33B270CDF7B00B91889 /* Frameworks */ = {
			isa = PBXFrameworksBuildPhase;
			buildActionMask = 2147483647;
			files = (
			);
			runOnlyForDeploymentPostprocessing = 0;
		};
/* End PBXFrameworksBuildPhase section */

/* Begin PBXGroup section */
		1CE4E4CD2716F0D700C5894A /* Freinds */ = {
			isa = PBXGroup;
			children = (
				1CF11EFC27259C78008FB69F /* Service */,
				1CE4E4CE27175F9B00C5894A /* FreindsTableVC.swift */,
				1CE4E4D02717602000C5894A /* FreindsCell.swift */,
			);
			path = Freinds;
			sourceTree = "<group>";
		};
		1CE4E4D22717612500C5894A /* Models */ = {
			isa = PBXGroup;
			children = (
				1CE4E4D32717615A00C5894A /* User.swift */,
				1CE4E4D5271761DA00C5894A /* Group.swift */,
				1CF11F042725F987008FB69F /* News.swift */,
			);
			path = Models;
			sourceTree = "<group>";
		};
		1CE4E4D7271806F200C5894A /* Freind */ = {
			isa = PBXGroup;
			children = (
				1CE4E4D82718072B00C5894A /* FreindCollectionVC.swift */,
				1CE4E4DA2718075500C5894A /* FreindCell.swift */,
			);
			path = Freind;
			sourceTree = "<group>";
		};
		1CE4E4DC2718271A00C5894A /* Groups */ = {
			isa = PBXGroup;
			children = (
				1CE4E4DD2718274B00C5894A /* GroupsTableVC.swift */,
				1CE4E4DF2718276D00C5894A /* GroupsCell.swift */,
			);
			path = Groups;
			sourceTree = "<group>";
		};
		1CE4E4E12718347600C5894A /* AvailableGroups */ = {
			isa = PBXGroup;
			children = (
				1CE4E4E2271834DF00C5894A /* AvailableGroupsCell.swift */,
				1CE4E4E42718351300C5894A /* AvailableGroupsTableVC.swift */,
			);
			path = AvailableGroups;
			sourceTree = "<group>";
		};
		1CF11EFC27259C78008FB69F /* Service */ = {
			isa = PBXGroup;
			children = (
				1CF11EFD27259CF1008FB69F /* FriendsLoaderService.swift */,
			);
			path = Service;
			sourceTree = "<group>";
		};
		1CF11EFF2725F6FB008FB69F /* News */ = {
			isa = PBXGroup;
			children = (
				1CF11F062725FC81008FB69F /* Service */,
				1CF11F002725F7FB008FB69F /* NewsTableVC.swift */,
				1CF11F022725F82D008FB69F /* NewsTableCell.swift */,
				1CF11F0D272680D8008FB69F /* ImageNewsCollectionView.swift */,
				1CF11F132726D7AE008FB69F /* NewsLikeControl.swift */,
				1CF11F0B27267FD6008FB69F /* ImageNewsCollectionViewCell.swift */,
				1CF11F0F27269A40008FB69F /* ImagesCollectionViewLayout.swift */,
			);
			path = News;
			sourceTree = "<group>";
		};
		1CF11F062725FC81008FB69F /* Service */ = {
			isa = PBXGroup;
			children = (
				1CF11F072725FC9D008FB69F /* NewsLoaderService.swift */,
			);
			path = Service;
			sourceTree = "<group>";
		};
		1CF5E335270CDF7B00B91889 = {
			isa = PBXGroup;
			children = (
				1CF5E340270CDF7B00B91889 /* UIiosApps */,
				1CF5E33F270CDF7B00B91889 /* Products */,
			);
			sourceTree = "<group>";
		};
		1CF5E33F270CDF7B00B91889 /* Products */ = {
			isa = PBXGroup;
			children = (
				1CF5E33E270CDF7B00B91889 /* UIiosApps.app */,
			);
			name = Products;
			sourceTree = "<group>";
		};
		1CF5E340270CDF7B00B91889 /* UIiosApps */ = {
			isa = PBXGroup;
			children = (
				1CE4E4E12718347600C5894A /* AvailableGroups */,
				1CE4E4DC2718271A00C5894A /* Groups */,
				1CE4E4CD2716F0D700C5894A /* Freinds */,
				1CE4E4D7271806F200C5894A /* Freind */,
				1CE4E4D22717612500C5894A /* Models */,
				1CF5E341270CDF7C00B91889 /* AppDelegate.swift */,
				1CF11EFF2725F6FB008FB69F /* News */,
				1CF5E343270CDF7C00B91889 /* SceneDelegate.swift */,
				1CF5E345270CDF7C00B91889 /* LoginFormController.swift */,
				1CF5E347270CDF7C00B91889 /* Main.storyboard */,
				1CCC21CF272D832600FEB2C4 /* LoadingIndicator.swift */,
				1CF5E34A270CDF7F00B91889 /* Assets.xcassets */,
				1CF5E34C270CDF7F00B91889 /* LaunchScreen.storyboard */,
				1CF5E34F270CDF7F00B91889 /* Info.plist */,
				1C2D4109271B17DD002367E2 /* AvatarCustomView.swift */,
			);
			path = UIiosApps;
			sourceTree = "<group>";
		};
/* End PBXGroup section */

/* Begin PBXNativeTarget section */
		1CF5E33D270CDF7B00B91889 /* UIiosApps */ = {
			isa = PBXNativeTarget;
			buildConfigurationList = 1CF5E352270CDF7F00B91889 /* Build configuration list for PBXNativeTarget "UIiosApps" */;
			buildPhases = (
				1CF5E33A270CDF7B00B91889 /* Sources */,
				1CF5E33B270CDF7B00B91889 /* Frameworks */,
				1CF5E33C270CDF7B00B91889 /* Resources */,
			);
			buildRules = (
			);
			dependencies = (
			);
			name = UIiosApps;
			productName = UIiosApps;
			productReference = 1CF5E33E270CDF7B00B91889 /* UIiosApps.app */;
			productType = "com.apple.product-type.application";
		};
/* End PBXNativeTarget section */

/* Begin PBXProject section */
		1CF5E336270CDF7B00B91889 /* Project object */ = {
			isa = PBXProject;
			attributes = {
				BuildIndependentTargetsInParallel = 1;
				LastSwiftUpdateCheck = 1300;
				LastUpgradeCheck = 1300;
				TargetAttributes = {
					1CF5E33D270CDF7B00B91889 = {
						CreatedOnToolsVersion = 13.0;
					};
				};
			};
			buildConfigurationList = 1CF5E339270CDF7B00B91889 /* Build configuration list for PBXProject "UIiosApps" */;
			compatibilityVersion = "Xcode 13.0";
			developmentRegion = en;
			hasScannedForEncodings = 0;
			knownRegions = (
				en,
				Base,
			);
			mainGroup = 1CF5E335270CDF7B00B91889;
			productRefGroup = 1CF5E33F270CDF7B00B91889 /* Products */;
			projectDirPath = "";
			projectRoot = "";
			targets = (
				1CF5E33D270CDF7B00B91889 /* UIiosApps */,
			);
		};
/* End PBXProject section */

/* Begin PBXResourcesBuildPhase section */
		1CF5E33C270CDF7B00B91889 /* Resources */ = {
			isa = PBXResourcesBuildPhase;
			buildActionMask = 2147483647;
			files = (
				1CF5E34E270CDF7F00B91889 /* LaunchScreen.storyboard in Resources */,
				1CF5E34B270CDF7F00B91889 /* Assets.xcassets in Resources */,
				1CF5E349270CDF7C00B91889 /* Main.storyboard in Resources */,
			);
			runOnlyForDeploymentPostprocessing = 0;
		};
/* End PBXResourcesBuildPhase section */

/* Begin PBXSourcesBuildPhase section */
		1CF5E33A270CDF7B00B91889 /* Sources */ = {
			isa = PBXSourcesBuildPhase;
			buildActionMask = 2147483647;
			files = (
				1CF11F1027269A40008FB69F /* ImagesCollectionViewLayout.swift in Sources */,
				1C2D410A271B17DD002367E2 /* AvatarCustomView.swift in Sources */,
				1CE4E4D6271761DA00C5894A /* Group.swift in Sources */,
				1CE4E4E3271834DF00C5894A /* AvailableGroupsCell.swift in Sources */,
				1CF11F032725F82D008FB69F /* NewsTableCell.swift in Sources */,
				1CF5E346270CDF7C00B91889 /* LoginFormController.swift in Sources */,
				1CF5E342270CDF7C00B91889 /* AppDelegate.swift in Sources */,
				1CF11EFE27259CF1008FB69F /* FriendsLoaderService.swift in Sources */,
				1CE4E4DB2718075500C5894A /* FreindCell.swift in Sources */,
				1CF11F082725FC9D008FB69F /* NewsLoaderService.swift in Sources */,
				1CE4E4E02718276D00C5894A /* GroupsCell.swift in Sources */,
				1CE4E4D42717615A00C5894A /* User.swift in Sources */,
				1CCC21D0272D832600FEB2C4 /* LoadingIndicator.swift in Sources */,
				1CE4E4D12717602000C5894A /* FreindsCell.swift in Sources */,
				1CF11F012725F7FB008FB69F /* NewsTableVC.swift in Sources */,
				1CF11F0C27267FD6008FB69F /* ImageNewsCollectionViewCell.swift in Sources */,
				1CF11F142726D7AE008FB69F /* NewsLikeControl.swift in Sources */,
				1CF11F0E272680D8008FB69F /* ImageNewsCollectionView.swift in Sources */,
				1CF11F052725F987008FB69F /* News.swift in Sources */,
				1CF5E344270CDF7C00B91889 /* SceneDelegate.swift in Sources */,
				1CE4E4DE2718274B00C5894A /* GroupsTableVC.swift in Sources */,
				1CE4E4D92718072B00C5894A /* FreindCollectionVC.swift in Sources */,
				1CE4E4CF27175F9B00C5894A /* FreindsTableVC.swift in Sources */,
				1CE4E4E52718351300C5894A /* AvailableGroupsTableVC.swift in Sources */,
			);
			runOnlyForDeploymentPostprocessing = 0;
		};
/* End PBXSourcesBuildPhase section */

/* Begin PBXVariantGroup section */
		1CF5E347270CDF7C00B91889 /* Main.storyboard */ = {
			isa = PBXVariantGroup;
			children = (
				1CF5E348270CDF7C00B91889 /* Base */,
			);
			name = Main.storyboard;
			sourceTree = "<group>";
		};
		1CF5E34C270CDF7F00B91889 /* LaunchScreen.storyboard */ = {
			isa = PBXVariantGroup;
			children = (
				1CF5E34D270CDF7F00B91889 /* Base */,
			);
			name = LaunchScreen.storyboard;
			sourceTree = "<group>";
		};
/* End PBXVariantGroup section */

/* Begin XCBuildConfiguration section */
		1CF5E350270CDF7F00B91889 /* Debug */ = {
			isa = XCBuildConfiguration;
			buildSettings = {
				ALWAYS_SEARCH_USER_PATHS = NO;
				CLANG_ANALYZER_NONNULL = YES;
				CLANG_ANALYZER_NUMBER_OBJECT_CONVERSION = YES_AGGRESSIVE;
				CLANG_CXX_LANGUAGE_STANDARD = "gnu++17";
				CLANG_CXX_LIBRARY = "libc++";
				CLANG_ENABLE_MODULES = YES;
				CLANG_ENABLE_OBJC_ARC = YES;
				CLANG_ENABLE_OBJC_WEAK = YES;
				CLANG_WARN_BLOCK_CAPTURE_AUTORELEASING = YES;
				CLANG_WARN_BOOL_CONVERSION = YES;
				CLANG_WARN_COMMA = YES;
				CLANG_WARN_CONSTANT_CONVERSION = YES;
				CLANG_WARN_DEPRECATED_OBJC_IMPLEMENTATIONS = YES;
				CLANG_WARN_DIRECT_OBJC_ISA_USAGE = YES_ERROR;
				CLANG_WARN_DOCUMENTATION_COMMENTS = YES;
				CLANG_WARN_EMPTY_BODY = YES;
				CLANG_WARN_ENUM_CONVERSION = YES;
				CLANG_WARN_INFINITE_RECURSION = YES;
				CLANG_WARN_INT_CONVERSION = YES;
				CLANG_WARN_NON_LITERAL_NULL_CONVERSION = YES;
				CLANG_WARN_OBJC_IMPLICIT_RETAIN_SELF = YES;
				CLANG_WARN_OBJC_LITERAL_CONVERSION = YES;
				CLANG_WARN_OBJC_ROOT_CLASS = YES_ERROR;
				CLANG_WARN_QUOTED_INCLUDE_IN_FRAMEWORK_HEADER = YES;
				CLANG_WARN_RANGE_LOOP_ANALYSIS = YES;
				CLANG_WARN_STRICT_PROTOTYPES = YES;
				CLANG_WARN_SUSPICIOUS_MOVE = YES;
				CLANG_WARN_UNGUARDED_AVAILABILITY = YES_AGGRESSIVE;
				CLANG_WARN_UNREACHABLE_CODE = YES;
				CLANG_WARN__DUPLICATE_METHOD_MATCH = YES;
				COPY_PHASE_STRIP = NO;
				DEBUG_INFORMATION_FORMAT = dwarf;
				ENABLE_STRICT_OBJC_MSGSEND = YES;
				ENABLE_TESTABILITY = YES;
				GCC_C_LANGUAGE_STANDARD = gnu11;
				GCC_DYNAMIC_NO_PIC = NO;
				GCC_NO_COMMON_BLOCKS = YES;
				GCC_OPTIMIZATION_LEVEL = 0;
				GCC_PREPROCESSOR_DEFINITIONS = (
					"DEBUG=1",
					"$(inherited)",
				);
				GCC_WARN_64_TO_32_BIT_CONVERSION = YES;
				GCC_WARN_ABOUT_RETURN_TYPE = YES_ERROR;
				GCC_WARN_UNDECLARED_SELECTOR = YES;
				GCC_WARN_UNINITIALIZED_AUTOS = YES_AGGRESSIVE;
				GCC_WARN_UNUSED_FUNCTION = YES;
				GCC_WARN_UNUSED_VARIABLE = YES;
				IPHONEOS_DEPLOYMENT_TARGET = 15.0;
				MTL_ENABLE_DEBUG_INFO = INCLUDE_SOURCE;
				MTL_FAST_MATH = YES;
				ONLY_ACTIVE_ARCH = YES;
				SDKROOT = iphoneos;
				SWIFT_ACTIVE_COMPILATION_CONDITIONS = DEBUG;
				SWIFT_OPTIMIZATION_LEVEL = "-Onone";
			};
			name = Debug;
		};
		1CF5E351270CDF7F00B91889 /* Release */ = {
			isa = XCBuildConfiguration;
			buildSettings = {
				ALWAYS_SEARCH_USER_PATHS = NO;
				CLANG_ANALYZER_NONNULL = YES;
				CLANG_ANALYZER_NUMBER_OBJECT_CONVERSION = YES_AGGRESSIVE;
				CLANG_CXX_LANGUAGE_STANDARD = "gnu++17";
				CLANG_CXX_LIBRARY = "libc++";
				CLANG_ENABLE_MODULES = YES;
				CLANG_ENABLE_OBJC_ARC = YES;
				CLANG_ENABLE_OBJC_WEAK = YES;
				CLANG_WARN_BLOCK_CAPTURE_AUTORELEASING = YES;
				CLANG_WARN_BOOL_CONVERSION = YES;
				CLANG_WARN_COMMA = YES;
				CLANG_WARN_CONSTANT_CONVERSION = YES;
				CLANG_WARN_DEPRECATED_OBJC_IMPLEMENTATIONS = YES;
				CLANG_WARN_DIRECT_OBJC_ISA_USAGE = YES_ERROR;
				CLANG_WARN_DOCUMENTATION_COMMENTS = YES;
				CLANG_WARN_EMPTY_BODY = YES;
				CLANG_WARN_ENUM_CONVERSION = YES;
				CLANG_WARN_INFINITE_RECURSION = YES;
				CLANG_WARN_INT_CONVERSION = YES;
				CLANG_WARN_NON_LITERAL_NULL_CONVERSION = YES;
				CLANG_WARN_OBJC_IMPLICIT_RETAIN_SELF = YES;
				CLANG_WARN_OBJC_LITERAL_CONVERSION = YES;
				CLANG_WARN_OBJC_ROOT_CLASS = YES_ERROR;
				CLANG_WARN_QUOTED_INCLUDE_IN_FRAMEWORK_HEADER = YES;
				CLANG_WARN_RANGE_LOOP_ANALYSIS = YES;
				CLANG_WARN_STRICT_PROTOTYPES = YES;
				CLANG_WARN_SUSPICIOUS_MOVE = YES;
				CLANG_WARN_UNGUARDED_AVAILABILITY = YES_AGGRESSIVE;
				CLANG_WARN_UNREACHABLE_CODE = YES;
				CLANG_WARN__DUPLICATE_METHOD_MATCH = YES;
				COPY_PHASE_STRIP = NO;
				DEBUG_INFORMATION_FORMAT = "dwarf-with-dsym";
				ENABLE_NS_ASSERTIONS = NO;
				ENABLE_STRICT_OBJC_MSGSEND = YES;
				GCC_C_LANGUAGE_STANDARD = gnu11;
				GCC_NO_COMMON_BLOCKS = YES;
				GCC_WARN_64_TO_32_BIT_CONVERSION = YES;
				GCC_WARN_ABOUT_RETURN_TYPE = YES_ERROR;
				GCC_WARN_UNDECLARED_SELECTOR = YES;
				GCC_WARN_UNINITIALIZED_AUTOS = YES_AGGRESSIVE;
				GCC_WARN_UNUSED_FUNCTION = YES;
				GCC_WARN_UNUSED_VARIABLE = YES;
				IPHONEOS_DEPLOYMENT_TARGET = 15.0;
				MTL_ENABLE_DEBUG_INFO = NO;
				MTL_FAST_MATH = YES;
				SDKROOT = iphoneos;
				SWIFT_COMPILATION_MODE = wholemodule;
				SWIFT_OPTIMIZATION_LEVEL = "-O";
				VALIDATE_PRODUCT = YES;
			};
			name = Release;
		};
		1CF5E353270CDF7F00B91889 /* Debug */ = {
			isa = XCBuildConfiguration;
			buildSettings = {
				ASSETCATALOG_COMPILER_APPICON_NAME = AppIcon;
				ASSETCATALOG_COMPILER_GLOBAL_ACCENT_COLOR_NAME = AccentColor;
				CODE_SIGN_STYLE = Automatic;
				CURRENT_PROJECT_VERSION = 1;
				DEVELOPMENT_TEAM = ND382PR9TD;
				GENERATE_INFOPLIST_FILE = YES;
				INFOPLIST_FILE = UIiosApps/Info.plist;
				INFOPLIST_KEY_UIApplicationSupportsIndirectInputEvents = YES;
				INFOPLIST_KEY_UILaunchStoryboardName = LaunchScreen;
				INFOPLIST_KEY_UIMainStoryboardFile = Main;
				INFOPLIST_KEY_UISupportedInterfaceOrientations_iPad = "UIInterfaceOrientationPortrait UIInterfaceOrientationPortraitUpsideDown UIInterfaceOrientationLandscapeLeft UIInterfaceOrientationLandscapeRight";
				INFOPLIST_KEY_UISupportedInterfaceOrientations_iPhone = "UIInterfaceOrientationPortrait UIInterfaceOrientationLandscapeLeft UIInterfaceOrientationLandscapeRight";
				LD_RUNPATH_SEARCH_PATHS = (
					"$(inherited)",
					"@executable_path/Frameworks",
				);
				MARKETING_VERSION = 1.0;
				PRODUCT_BUNDLE_IDENTIFIER = asd.UIiosApps;
				PRODUCT_NAME = "$(TARGET_NAME)";
				SWIFT_EMIT_LOC_STRINGS = YES;
				SWIFT_VERSION = 5.0;
				TARGETED_DEVICE_FAMILY = "1,2";
			};
			name = Debug;
		};
		1CF5E354270CDF7F00B91889 /* Release */ = {
			isa = XCBuildConfiguration;
			buildSettings = {
				ASSETCATALOG_COMPILER_APPICON_NAME = AppIcon;
				ASSETCATALOG_COMPILER_GLOBAL_ACCENT_COLOR_NAME = AccentColor;
				CODE_SIGN_STYLE = Automatic;
				CURRENT_PROJECT_VERSION = 1;
				DEVELOPMENT_TEAM = ND382PR9TD;
				GENERATE_INFOPLIST_FILE = YES;
				INFOPLIST_FILE = UIiosApps/Info.plist;
				INFOPLIST_KEY_UIApplicationSupportsIndirectInputEvents = YES;
				INFOPLIST_KEY_UILaunchStoryboardName = LaunchScreen;
				INFOPLIST_KEY_UIMainStoryboardFile = Main;
				INFOPLIST_KEY_UISupportedInterfaceOrientations_iPad = "UIInterfaceOrientationPortrait UIInterfaceOrientationPortraitUpsideDown UIInterfaceOrientationLandscapeLeft UIInterfaceOrientationLandscapeRight";
				INFOPLIST_KEY_UISupportedInterfaceOrientations_iPhone = "UIInterfaceOrientationPortrait UIInterfaceOrientationLandscapeLeft UIInterfaceOrientationLandscapeRight";
				LD_RUNPATH_SEARCH_PATHS = (
					"$(inherited)",
					"@executable_path/Frameworks",
				);
				MARKETING_VERSION = 1.0;
				PRODUCT_BUNDLE_IDENTIFIER = asd.UIiosApps;
				PRODUCT_NAME = "$(TARGET_NAME)";
				SWIFT_EMIT_LOC_STRINGS = YES;
				SWIFT_VERSION = 5.0;
				TARGETED_DEVICE_FAMILY = "1,2";
			};
			name = Release;
		};
/* End XCBuildConfiguration section */

/* Begin XCConfigurationList section */
		1CF5E339270CDF7B00B91889 /* Build configuration list for PBXProject "UIiosApps" */ = {
			isa = XCConfigurationList;
			buildConfigurations = (
				1CF5E350270CDF7F00B91889 /* Debug */,
				1CF5E351270CDF7F00B91889 /* Release */,
			);
			defaultConfigurationIsVisible = 0;
			defaultConfigurationName = Release;
		};
		1CF5E352270CDF7F00B91889 /* Build configuration list for PBXNativeTarget "UIiosApps" */ = {
			isa = XCConfigurationList;
			buildConfigurations = (
				1CF5E353270CDF7F00B91889 /* Debug */,
				1CF5E354270CDF7F00B91889 /* Release */,
			);
			defaultConfigurationIsVisible = 0;
			defaultConfigurationName = Release;
		};
/* End XCConfigurationList section */
	};
	rootObject = 1CF5E336270CDF7B00B91889 /* Project object */;
}
